
Microsoft Visual Studio Solution File, Format Version 12.00
# Visual Studio 15
VisualStudioVersion = 15.0.28307.539
MinimumVisualStudioVersion = 10.0.40219.1
Project("{FAE04EC0-301F-11D3-BF4B-00C04F79EFBC}") = "Aurora", "Aurora\Aurora.csproj", "{6D4EA3E1-5D80-47F5-A807-8A0969296967}"
EndProject
Global
	GlobalSection(SolutionConfigurationPlatforms) = preSolution
		Debug|Any CPU = Debug|Any CPU
		Release|Any CPU = Release|Any CPU
	EndGlobalSection
	GlobalSection(ProjectConfigurationPlatforms) = postSolution
		{6D4EA3E1-5D80-47F5-A807-8A0969296967}.Debug|Any CPU.ActiveCfg = Debug|Any CPU
		{6D4EA3E1-5D80-47F5-A807-8A0969296967}.Debug|Any CPU.Build.0 = Debug|Any CPU
		{6D4EA3E1-5D80-47F5-A807-8A0969296967}.Release|Any CPU.ActiveCfg = Release|Any CPU
		{6D4EA3E1-5D80-47F5-A807-8A0969296967}.Release|Any CPU.Build.0 = Release|Any CPU
	EndGlobalSection
	GlobalSection(SolutionProperties) = preSolution
		HideSolutionNode = FALSE
	EndGlobalSection
	GlobalSection(ExtensibilityGlobals) = postSolution
		SolutionGuid = {AC4980FE-0EBB-4D9A-94C1-00EBAD1D91E5}
	EndGlobalSection
EndGlobal
